PODS:
  - AGGeometryKit (1.2.9):
    - AGGeometryKit/CALayerProperties (= 1.2.9)
    - AGGeometryKit/UIViewProperties (= 1.2.9)
  - AGGeometryKit/CALayerProperties (1.2.9)
  - AGGeometryKit/UIViewProperties (1.2.9)
  - pop (1.0.10)

DEPENDENCIES:
  - AGGeometryKit (~> 1.0)
  - pop (~> 1.0)

SPEC REPOS:
  https://github.com/cocoapods/specs.git:
    - AGGeometryKit
    - pop

SPEC CHECKSUMS:
  AGGeometryKit: 5e820bd2a8290e3b1e3a1517a49c65ae42c239c9
  pop: 82ca6b068ce9278fd350fd9dd09482a0ce9492e6

PODFILE CHECKSUM: 26e8cfa45d1aae2ffef875895653c12372761db7

COCOAPODS: 1.5.3
